
Microsoft Visual Studio Solution File, Format Version 12.00
# Visual Studio 14
VisualStudioVersion = 14.0.25420.1
MinimumVisualStudioVersion = 10.0.40219.1
Project("{FAE04EC0-301F-11D3-BF4B-00C04F79EFBC}") = "ShopOnline.Common", "ShopOnline.Common\ShopOnline.Common.csproj", "{3B606046-EF6B-4770-AB71-E639DC86920D}"
EndProject
Project("{FAE04EC0-301F-11D3-BF4B-00C04F79EFBC}") = "ShopOnline.Model", "ShopOnline.Model\ShopOnline.Model.csproj", "{B2AE7CDB-4F3A-406C-97C2-41D6DA058CA5}"
EndProject
Project("{FAE04EC0-301F-11D3-BF4B-00C04F79EFBC}") = "ShopOnline.Data", "ShopOnline.Data\ShopOnline.Data.csproj", "{5C19059F-70C3-49C1-A300-1AAF74D9CDC6}"
EndProject
Project("{FAE04EC0-301F-11D3-BF4B-00C04F79EFBC}") = "ShopOnline.Service", "ShopOnline.Service\ShopOnline.Service.csproj", "{7A14213E-6146-4A31-BC57-094113141196}"
EndProject
Project("{FAE04EC0-301F-11D3-BF4B-00C04F79EFBC}") = "ShopOnline.UnitTest", "ShopOnline.UnitTest\ShopOnline.UnitTest.csproj", "{93F708E7-BAC9-4053-8572-40A25352D1F5}"
EndProject
Project("{FAE04EC0-301F-11D3-BF4B-00C04F79EFBC}") = "ShopOnline.Web", "ShopOnline.Web\ShopOnline.Web.csproj", "{20422A02-EF17-4E0E-8425-20B69E0E6B51}"
EndProject
Global
	GlobalSection(SolutionConfigurationPlatforms) = preSolution
		Debug|Any CPU = Debug|Any CPU
		Release|Any CPU = Release|Any CPU
	EndGlobalSection
	GlobalSection(ProjectConfigurationPlatforms) = postSolution
		{3B606046-EF6B-4770-AB71-E639DC86920D}.Debug|Any CPU.ActiveCfg = Debug|Any CPU
		{3B606046-EF6B-4770-AB71-E639DC86920D}.Debug|Any CPU.Build.0 = Debug|Any CPU
		{3B606046-EF6B-4770-AB71-E639DC86920D}.Release|Any CPU.ActiveCfg = Release|Any CPU
		{3B606046-EF6B-4770-AB71-E639DC86920D}.Release|Any CPU.Build.0 = Release|Any CPU
		{B2AE7CDB-4F3A-406C-97C2-41D6DA058CA5}.Debug|Any CPU.ActiveCfg = Debug|Any CPU
		{B2AE7CDB-4F3A-406C-97C2-41D6DA058CA5}.Debug|Any CPU.Build.0 = Debug|Any CPU
		{B2AE7CDB-4F3A-406C-97C2-41D6DA058CA5}.Release|Any CPU.ActiveCfg = Release|Any CPU
		{B2AE7CDB-4F3A-406C-97C2-41D6DA058CA5}.Release|Any CPU.Build.0 = Release|Any CPU
		{5C19059F-70C3-49C1-A300-1AAF74D9CDC6}.Debug|Any CPU.ActiveCfg = Debug|Any CPU
		{5C19059F-70C3-49C1-A300-1AAF74D9CDC6}.Debug|Any CPU.Build.0 = Debug|Any CPU
		{5C19059F-70C3-49C1-A300-1AAF74D9CDC6}.Release|Any CPU.ActiveCfg = Release|Any CPU
		{5C19059F-70C3-49C1-A300-1AAF74D9CDC6}.Release|Any CPU.Build.0 = Release|Any CPU
		{7A14213E-6146-4A31-BC57-094113141196}.Debug|Any CPU.ActiveCfg = Debug|Any CPU
		{7A14213E-6146-4A31-BC57-094113141196}.Debug|Any CPU.Build.0 = Debug|Any CPU
		{7A14213E-6146-4A31-BC57-094113141196}.Release|Any CPU.ActiveCfg = Release|Any CPU
		{7A14213E-6146-4A31-BC57-094113141196}.Release|Any CPU.Build.0 = Release|Any CPU
		{93F708E7-BAC9-4053-8572-40A25352D1F5}.Debug|Any CPU.ActiveCfg = Debug|Any CPU
		{93F708E7-BAC9-4053-8572-40A25352D1F5}.Debug|Any CPU.Build.0 = Debug|Any CPU
		{93F708E7-BAC9-4053-8572-40A25352D1F5}.Release|Any CPU.ActiveCfg = Release|Any CPU
		{93F708E7-BAC9-4053-8572-40A25352D1F5}.Release|Any CPU.Build.0 = Release|Any CPU
		{20422A02-EF17-4E0E-8425-20B69E0E6B51}.Debug|Any CPU.ActiveCfg = Debug|Any CPU
		{20422A02-EF17-4E0E-8425-20B69E0E6B51}.Debug|Any CPU.Build.0 = Debug|Any CPU
		{20422A02-EF17-4E0E-8425-20B69E0E6B51}.Release|Any CPU.ActiveCfg = Release|Any CPU
		{20422A02-EF17-4E0E-8425-20B69E0E6B51}.Release|Any CPU.Build.0 = Release|Any CPU
	EndGlobalSection
	GlobalSection(SolutionProperties) = preSolution
		HideSolutionNode = FALSE
	EndGlobalSection
EndGlobal
